// !$*UTF8*$!
{
	archiveVersion = 1;
	classes = {
	};
	objectVersion = 56;
	objects = {

/* Begin PBXBuildFile section */
		AC7AF5002AC6FAFF0096689D /* Snail.deepar in Resources */ = {isa = PBXBuildFile; fileRef = AC7AF4EF2AC6FAFE0096689D /* Snail.deepar */; };
		AC7AF5012AC6FAFF0096689D /* Ping_Pong.deepar in Resources */ = {isa = PBXBuildFile; fileRef = AC7AF4F02AC6FAFE0096689D /* Ping_Pong.deepar */; };
		AC7AF5022AC6FAFF0096689D /* Neon_Devil_Horns.deepar in Resources */ = {isa = PBXBuildFile; fileRef = AC7AF4F12AC6FAFE0096689D /* Neon_Devil_Horns.deepar */; };
		AC7AF5032AC6FAFF0096689D /* Fire_Effect.deepar in Resources */ = {isa = PBXBuildFile; fileRef = AC7AF4F22AC6FAFE0096689D /* Fire_Effect.deepar */; };
		AC7AF5042AC6FAFF0096689D /* Split_View_Look.deepar in Resources */ = {isa = PBXBuildFile; fileRef = AC7AF4F32AC6FAFE0096689D /* Split_View_Look.deepar */; };
		AC7AF5052AC6FAFF0096689D /* galaxy_background.deepar in Resources */ = {isa = PBXBuildFile; fileRef = AC7AF4F42AC6FAFE0096689D /* galaxy_background.deepar */; };
		AC7AF5062AC6FAFF0096689D /* viking_helmet.deepar in Resources */ = {isa = PBXBuildFile; fileRef = AC7AF4F52AC6FAFF0096689D /* viking_helmet.deepar */; };
		AC7AF5072AC6FAFF0096689D /* Stallone.deepar in Resources */ = {isa = PBXBuildFile; fileRef = AC7AF4F62AC6FAFF0096689D /* Stallone.deepar */; };
		AC7AF5082AC6FAFF0096689D /* Emotion_Meter.deepar in Resources */ = {isa = PBXBuildFile; fileRef = AC7AF4F72AC6FAFF0096689D /* Emotion_Meter.deepar */; };
		AC7AF50A2AC6FAFF0096689D /* Vendetta_Mask.deepar in Resources */ = {isa = PBXBuildFile; fileRef = AC7AF4F92AC6FAFF0096689D /* Vendetta_Mask.deepar */; };
		AC7AF50B2AC6FAFF0096689D /* MakeupLook.deepar in Resources */ = {isa = PBXBuildFile; fileRef = AC7AF4FA2AC6FAFF0096689D /* MakeupLook.deepar */; };
		AC7AF50C2AC6FAFF0096689D /* flower_face.deepar in Resources */ = {isa = PBXBuildFile; fileRef = AC7AF4FB2AC6FAFF0096689D /* flower_face.deepar */; };
		AC7AF50D2AC6FAFF0096689D /* ray-ban-wayfarer.deepar in Resources */ = {isa = PBXBuildFile; fileRef = AC7AF4FC2AC6FAFF0096689D /* ray-ban-wayfarer.deepar */; };
		AC7AF50E2AC6FAFF0096689D /* Hope.deepar in Resources */ = {isa = PBXBuildFile; fileRef = AC7AF4FD2AC6FAFF0096689D /* Hope.deepar */; };
		AC7AF50F2AC6FAFF0096689D /* Pixel_Hearts.deepar in Resources */ = {isa = PBXBuildFile; fileRef = AC7AF4FE2AC6FAFF0096689D /* Pixel_Hearts.deepar */; };
		AC7AF5102AC6FAFF0096689D /* Emotions_Exaggerator.deepar in Resources */ = {isa = PBXBuildFile; fileRef = AC7AF4FF2AC6FAFF0096689D /* Emotions_Exaggerator.deepar */; };
		AC85FD142A9E44D90045D784 /* StreamDeepARApp.swift in Sources */ = {isa = PBXBuildFile; fileRef = AC85FD132A9E44D90045D784 /* StreamDeepARApp.swift */; };
		AC85FD162A9E44D90045D784 /* ContentView.swift in Sources */ = {isa = PBXBuildFile; fileRef = AC85FD152A9E44D90045D784 /* ContentView.swift */; };
		AC85FD182A9E44DB0045D784 /* Assets.xcassets in Resources */ = {isa = PBXBuildFile; fileRef = AC85FD172A9E44DB0045D784 /* Assets.xcassets */; };
		AC85FD1B2A9E44DB0045D784 /* Preview Assets.xcassets in Resources */ = {isa = PBXBuildFile; fileRef = AC85FD1A2A9E44DB0045D784 /* Preview Assets.xcassets */; };
		AC85FD232A9E46CF0045D784 /* StreamVideo in Frameworks */ = {isa = PBXBuildFile; productRef = AC85FD222A9E46CF0045D784 /* StreamVideo */; };
		AC85FD252A9E46CF0045D784 /* StreamVideoSwiftUI in Frameworks */ = {isa = PBXBuildFile; productRef = AC85FD242A9E46CF0045D784 /* StreamVideoSwiftUI */; };
		ACB143152AB3701A00451B10 /* FiltersService+DeepARDelegate.swift in Sources */ = {isa = PBXBuildFile; fileRef = ACB143142AB3701A00451B10 /* FiltersService+DeepARDelegate.swift */; };
		ACB143182AB3704D00451B10 /* CIImage+toCVPixelBuffer.swift in Sources */ = {isa = PBXBuildFile; fileRef = ACB143172AB3704D00451B10 /* CIImage+toCVPixelBuffer.swift */; };
		ACDFC8DB2AB45E1500ED8B98 /* DeepAR in Frameworks */ = {isa = PBXBuildFile; productRef = ACDFC8DA2AB45E1500ED8B98 /* DeepAR */; };
		ACF8E5CF2AB36033006ED26F /* UserCredentials.swift in Sources */ = {isa = PBXBuildFile; fileRef = ACF8E5CE2AB36033006ED26F /* UserCredentials.swift */; };
		ACF8E5D32AB36076006ED26F /* FiltersService.swift in Sources */ = {isa = PBXBuildFile; fileRef = ACF8E5D22AB36076006ED26F /* FiltersService.swift */; };
		ACF8E5D52AB36302006ED26F /* FiltersPicker.swift in Sources */ = {isa = PBXBuildFile; fileRef = ACF8E5D42AB36301006ED26F /* FiltersPicker.swift */; };
		ACF8E5D72AB36321006ED26F /* Effect.swift in Sources */ = {isa = PBXBuildFile; fileRef = ACF8E5D62AB36321006ED26F /* Effect.swift */; };
/* End PBXBuildFile section */

/* Begin PBXFileReference section */
		AC7AF4EF2AC6FAFE0096689D /* Snail.deepar */ = {isa = PBXFileReference; lastKnownFileType = file; path = Snail.deepar; sourceTree = "<group>"; };
		AC7AF4F02AC6FAFE0096689D /* Ping_Pong.deepar */ = {isa = PBXFileReference; lastKnownFileType = file; path = Ping_Pong.deepar; sourceTree = "<group>"; };
		AC7AF4F12AC6FAFE0096689D /* Neon_Devil_Horns.deepar */ = {isa = PBXFileReference; lastKnownFileType = file; path = Neon_Devil_Horns.deepar; sourceTree = "<group>"; };
		AC7AF4F22AC6FAFE0096689D /* Fire_Effect.deepar */ = {isa = PBXFileReference; lastKnownFileType = file; path = Fire_Effect.deepar; sourceTree = "<group>"; };
		AC7AF4F32AC6FAFE0096689D /* Split_View_Look.deepar */ = {isa = PBXFileReference; lastKnownFileType = file; path = Split_View_Look.deepar; sourceTree = "<group>"; };
		AC7AF4F42AC6FAFE0096689D /* galaxy_background.deepar */ = {isa = PBXFileReference; lastKnownFileType = file; path = galaxy_background.deepar; sourceTree = "<group>"; };
		AC7AF4F52AC6FAFF0096689D /* viking_helmet.deepar */ = {isa = PBXFileReference; lastKnownFileType = file; path = viking_helmet.deepar; sourceTree = "<group>"; };
		AC7AF4F62AC6FAFF0096689D /* Stallone.deepar */ = {isa = PBXFileReference; lastKnownFileType = file; path = Stallone.deepar; sourceTree = "<group>"; };
		AC7AF4F72AC6FAFF0096689D /* Emotion_Meter.deepar */ = {isa = PBXFileReference; lastKnownFileType = file; path = Emotion_Meter.deepar; sourceTree = "<group>"; };
		AC7AF4F92AC6FAFF0096689D /* Vendetta_Mask.deepar */ = {isa = PBXFileReference; lastKnownFileType = file; path = Vendetta_Mask.deepar; sourceTree = "<group>"; };
		AC7AF4FA2AC6FAFF0096689D /* MakeupLook.deepar */ = {isa = PBXFileReference; lastKnownFileType = file; path = MakeupLook.deepar; sourceTree = "<group>"; };
		AC7AF4FB2AC6FAFF0096689D /* flower_face.deepar */ = {isa = PBXFileReference; lastKnownFileType = file; path = flower_face.deepar; sourceTree = "<group>"; };
		AC7AF4FC2AC6FAFF0096689D /* ray-ban-wayfarer.deepar */ = {isa = PBXFileReference; lastKnownFileType = file; path = "ray-ban-wayfarer.deepar"; sourceTree = "<group>"; };
		AC7AF4FD2AC6FAFF0096689D /* Hope.deepar */ = {isa = PBXFileReference; lastKnownFileType = file; path = Hope.deepar; sourceTree = "<group>"; };
		AC7AF4FE2AC6FAFF0096689D /* Pixel_Hearts.deepar */ = {isa = PBXFileReference; lastKnownFileType = file; path = Pixel_Hearts.deepar; sourceTree = "<group>"; };
		AC7AF4FF2AC6FAFF0096689D /* Emotions_Exaggerator.deepar */ = {isa = PBXFileReference; lastKnownFileType = file; path = Emotions_Exaggerator.deepar; sourceTree = "<group>"; };
		AC85FD102A9E44D90045D784 /* StreamDeepAR.app */ = {isa = PBXFileReference; explicitFileType = wrapper.application; includeInIndex = 0; path = StreamDeepAR.app; sourceTree = BUILT_PRODUCTS_DIR; };
		AC85FD132A9E44D90045D784 /* StreamDeepARApp.swift */ = {isa = PBXFileReference; lastKnownFileType = sourcecode.swift; path = StreamDeepARApp.swift; sourceTree = "<group>"; };
		AC85FD152A9E44D90045D784 /* ContentView.swift */ = {isa = PBXFileReference; lastKnownFileType = sourcecode.swift; path = ContentView.swift; sourceTree = "<group>"; };
		AC85FD172A9E44DB0045D784 /* Assets.xcassets */ = {isa = PBXFileReference; lastKnownFileType = folder.assetcatalog; path = Assets.xcassets; sourceTree = "<group>"; };
		AC85FD1A2A9E44DB0045D784 /* Preview Assets.xcassets */ = {isa = PBXFileReference; lastKnownFileType = folder.assetcatalog; path = "Preview Assets.xcassets"; sourceTree = "<group>"; };
		ACB143142AB3701A00451B10 /* FiltersService+DeepARDelegate.swift */ = {isa = PBXFileReference; lastKnownFileType = sourcecode.swift; path = "FiltersService+DeepARDelegate.swift"; sourceTree = "<group>"; };
		ACB143172AB3704D00451B10 /* CIImage+toCVPixelBuffer.swift */ = {isa = PBXFileReference; lastKnownFileType = sourcecode.swift; path = "CIImage+toCVPixelBuffer.swift"; sourceTree = "<group>"; };
		ACF8E5CE2AB36033006ED26F /* UserCredentials.swift */ = {isa = PBXFileReference; lastKnownFileType = sourcecode.swift; path = UserCredentials.swift; sourceTree = "<group>"; };
		ACF8E5D22AB36076006ED26F /* FiltersService.swift */ = {isa = PBXFileReference; lastKnownFileType = sourcecode.swift; path = FiltersService.swift; sourceTree = "<group>"; };
		ACF8E5D42AB36301006ED26F /* FiltersPicker.swift */ = {isa = PBXFileReference; lastKnownFileType = sourcecode.swift; path = FiltersPicker.swift; sourceTree = "<group>"; };
		ACF8E5D62AB36321006ED26F /* Effect.swift */ = {isa = PBXFileReference; lastKnownFileType = sourcecode.swift; path = Effect.swift; sourceTree = "<group>"; };
/* End PBXFileReference section */

/* Begin PBXFrameworksBuildPhase section */
		AC85FD0D2A9E44D90045D784 /* Frameworks */ = {
			isa = PBXFrameworksBuildPhase;
			buildActionMask = 2147483647;
			files = (
				AC85FD252A9E46CF0045D784 /* StreamVideoSwiftUI in Frameworks */,
				AC85FD232A9E46CF0045D784 /* StreamVideo in Frameworks */,
				ACDFC8DB2AB45E1500ED8B98 /* DeepAR in Frameworks */,
			);
			runOnlyForDeploymentPostprocessing = 0;
		};
/* End PBXFrameworksBuildPhase section */

/* Begin PBXGroup section */
		AC1A408C2AB4932D00B4837A /* Effects */ = {
			isa = PBXGroup;
			children = (
				AC7AF4F72AC6FAFF0096689D /* Emotion_Meter.deepar */,
				AC7AF4FF2AC6FAFF0096689D /* Emotions_Exaggerator.deepar */,
				AC7AF4F22AC6FAFE0096689D /* Fire_Effect.deepar */,
				AC7AF4FB2AC6FAFF0096689D /* flower_face.deepar */,
				AC7AF4F42AC6FAFE0096689D /* galaxy_background.deepar */,
				AC7AF4FD2AC6FAFF0096689D /* Hope.deepar */,
				AC7AF4FA2AC6FAFF0096689D /* MakeupLook.deepar */,
				AC7AF4F12AC6FAFE0096689D /* Neon_Devil_Horns.deepar */,
				AC7AF4F02AC6FAFE0096689D /* Ping_Pong.deepar */,
				AC7AF4FE2AC6FAFF0096689D /* Pixel_Hearts.deepar */,
				AC7AF4FC2AC6FAFF0096689D /* ray-ban-wayfarer.deepar */,
				AC7AF4EF2AC6FAFE0096689D /* Snail.deepar */,
				AC7AF4F32AC6FAFE0096689D /* Split_View_Look.deepar */,
				AC7AF4F62AC6FAFF0096689D /* Stallone.deepar */,
				AC7AF4F92AC6FAFF0096689D /* Vendetta_Mask.deepar */,
				AC7AF4F52AC6FAFF0096689D /* viking_helmet.deepar */,
			);
			path = Effects;
			sourceTree = "<group>";
		};
		AC85FD072A9E44D90045D784 = {
			isa = PBXGroup;
			children = (
				AC85FD122A9E44D90045D784 /* StreamDeepAR */,
				AC85FD112A9E44D90045D784 /* Products */,
			);
			sourceTree = "<group>";
		};
		AC85FD112A9E44D90045D784 /* Products */ = {
			isa = PBXGroup;
			children = (
				AC85FD102A9E44D90045D784 /* StreamDeepAR.app */,
			);
			name = Products;
			sourceTree = "<group>";
		};
		AC85FD122A9E44D90045D784 /* StreamDeepAR */ = {
			isa = PBXGroup;
			children = (
				AC85FD132A9E44D90045D784 /* StreamDeepARApp.swift */,
				ACF8E5CD2AB36026006ED26F /* Model */,
				ACF8E5D02AB3605C006ED26F /* View */,
				ACF8E5D12AB36066006ED26F /* ViewModel */,
				ACB143162AB3703F00451B10 /* Extensions */,
				AC85FD172A9E44DB0045D784 /* Assets.xcassets */,
				AC1A408C2AB4932D00B4837A /* Effects */,
				AC85FD192A9E44DB0045D784 /* Preview Content */,
			);
			path = StreamDeepAR;
			sourceTree = "<group>";
		};
		AC85FD192A9E44DB0045D784 /* Preview Content */ = {
			isa = PBXGroup;
			children = (
				AC85FD1A2A9E44DB0045D784 /* Preview Assets.xcassets */,
			);
			path = "Preview Content";
			sourceTree = "<group>";
		};
		ACB143162AB3703F00451B10 /* Extensions */ = {
			isa = PBXGroup;
			children = (
				ACB143172AB3704D00451B10 /* CIImage+toCVPixelBuffer.swift */,
			);
			path = Extensions;
			sourceTree = "<group>";
		};
		ACF8E5CD2AB36026006ED26F /* Model */ = {
			isa = PBXGroup;
			children = (
				ACF8E5CE2AB36033006ED26F /* UserCredentials.swift */,
				ACF8E5D62AB36321006ED26F /* Effect.swift */,
			);
			path = Model;
			sourceTree = "<group>";
		};
		ACF8E5D02AB3605C006ED26F /* View */ = {
			isa = PBXGroup;
			children = (
				AC85FD152A9E44D90045D784 /* ContentView.swift */,
				ACF8E5D42AB36301006ED26F /* FiltersPicker.swift */,
			);
			path = View;
			sourceTree = "<group>";
		};
		ACF8E5D12AB36066006ED26F /* ViewModel */ = {
			isa = PBXGroup;
			children = (
				ACF8E5D22AB36076006ED26F /* FiltersService.swift */,
				ACB143142AB3701A00451B10 /* FiltersService+DeepARDelegate.swift */,
			);
			path = ViewModel;
			sourceTree = "<group>";
		};
/* End PBXGroup section */

/* Begin PBXNativeTarget section */
		AC85FD0F2A9E44D90045D784 /* StreamDeepAR */ = {
			isa = PBXNativeTarget;
			buildConfigurationList = AC85FD1E2A9E44DB0045D784 /* Build configuration list for PBXNativeTarget "StreamDeepAR" */;
			buildPhases = (
				AC85FD0C2A9E44D90045D784 /* Sources */,
				AC85FD0D2A9E44D90045D784 /* Frameworks */,
				AC85FD0E2A9E44D90045D784 /* Resources */,
			);
			buildRules = (
			);
			dependencies = (
			);
			name = StreamDeepAR;
			packageProductDependencies = (
				AC85FD222A9E46CF0045D784 /* StreamVideo */,
				AC85FD242A9E46CF0045D784 /* StreamVideoSwiftUI */,
				ACDFC8DA2AB45E1500ED8B98 /* DeepAR */,
			);
			productName = StreamDeepAR;
			productReference = AC85FD102A9E44D90045D784 /* StreamDeepAR.app */;
			productType = "com.apple.product-type.application";
		};
/* End PBXNativeTarget section */

/* Begin PBXProject section */
		AC85FD082A9E44D90045D784 /* Project object */ = {
			isa = PBXProject;
			attributes = {
				BuildIndependentTargetsInParallel = 1;
				LastSwiftUpdateCheck = 1430;
				LastUpgradeCheck = 1430;
				TargetAttributes = {
					AC85FD0F2A9E44D90045D784 = {
						CreatedOnToolsVersion = 14.3;
					};
				};
			};
			buildConfigurationList = AC85FD0B2A9E44D90045D784 /* Build configuration list for PBXProject "StreamDeepAR" */;
			compatibilityVersion = "Xcode 14.0";
			developmentRegion = en;
			hasScannedForEncodings = 0;
			knownRegions = (
				en,
				Base,
			);
			mainGroup = AC85FD072A9E44D90045D784;
			packageReferences = (
				AC85FD212A9E46CF0045D784 /* XCRemoteSwiftPackageReference "stream-video-swift" */,
				ACDFC8D92AB45E1500ED8B98 /* XCRemoteSwiftPackageReference "swift-deepar" */,
			);
			productRefGroup = AC85FD112A9E44D90045D784 /* Products */;
			projectDirPath = "";
			projectRoot = "";
			targets = (
				AC85FD0F2A9E44D90045D784 /* StreamDeepAR */,
			);
		};
/* End PBXProject section */

/* Begin PBXResourcesBuildPhase section */
		AC85FD0E2A9E44D90045D784 /* Resources */ = {
			isa = PBXResourcesBuildPhase;
			buildActionMask = 2147483647;
			files = (
				AC7AF5072AC6FAFF0096689D /* Stallone.deepar in Resources */,
				AC7AF5012AC6FAFF0096689D /* Ping_Pong.deepar in Resources */,
				AC7AF50E2AC6FAFF0096689D /* Hope.deepar in Resources */,
				AC7AF5042AC6FAFF0096689D /* Split_View_Look.deepar in Resources */,
				AC7AF50C2AC6FAFF0096689D /* flower_face.deepar in Resources */,
				AC7AF5002AC6FAFF0096689D /* Snail.deepar in Resources */,
				AC7AF50F2AC6FAFF0096689D /* Pixel_Hearts.deepar in Resources */,
				AC7AF5082AC6FAFF0096689D /* Emotion_Meter.deepar in Resources */,
				AC7AF5022AC6FAFF0096689D /* Neon_Devil_Horns.deepar in Resources */,
				AC85FD1B2A9E44DB0045D784 /* Preview Assets.xcassets in Resources */,
				AC7AF5062AC6FAFF0096689D /* viking_helmet.deepar in Resources */,
				AC7AF50A2AC6FAFF0096689D /* Vendetta_Mask.deepar in Resources */,
				AC7AF5052AC6FAFF0096689D /* galaxy_background.deepar in Resources */,
				AC7AF50B2AC6FAFF0096689D /* MakeupLook.deepar in Resources */,
				AC85FD182A9E44DB0045D784 /* Assets.xcassets in Resources */,
				AC7AF5032AC6FAFF0096689D /* Fire_Effect.deepar in Resources */,
				AC7AF50D2AC6FAFF0096689D /* ray-ban-wayfarer.deepar in Resources */,
				AC7AF5102AC6FAFF0096689D /* Emotions_Exaggerator.deepar in Resources */,
			);
			runOnlyForDeploymentPostprocessing = 0;
		};
/* End PBXResourcesBuildPhase section */

/* Begin PBXSourcesBuildPhase section */
		AC85FD0C2A9E44D90045D784 /* Sources */ = {
			isa = PBXSourcesBuildPhase;
			buildActionMask = 2147483647;
			files = (
				ACF8E5D72AB36321006ED26F /* Effect.swift in Sources */,
				AC85FD162A9E44D90045D784 /* ContentView.swift in Sources */,
				ACB143182AB3704D00451B10 /* CIImage+toCVPixelBuffer.swift in Sources */,
				ACF8E5D32AB36076006ED26F /* FiltersService.swift in Sources */,
				AC85FD142A9E44D90045D784 /* StreamDeepARApp.swift in Sources */,
				ACF8E5CF2AB36033006ED26F /* UserCredentials.swift in Sources */,
				ACF8E5D52AB36302006ED26F /* FiltersPicker.swift in Sources */,
				ACB143152AB3701A00451B10 /* FiltersService+DeepARDelegate.swift in Sources */,
			);
			runOnlyForDeploymentPostprocessing = 0;
		};
/* End PBXSourcesBuildPhase section */

/* Begin XCBuildConfiguration section */
		AC85FD1C2A9E44DB0045D784 /* Debug */ = {
			isa = XCBuildConfiguration;
			buildSettings = {
				ALWAYS_SEARCH_USER_PATHS = NO;
				CLANG_ANALYZER_NONNULL = YES;
				CLANG_ANALYZER_NUMBER_OBJECT_CONVERSION = YES_AGGRESSIVE;
				CLANG_CXX_LANGUAGE_STANDARD = "gnu++20";
				CLANG_ENABLE_MODULES = YES;
				CLANG_ENABLE_OBJC_ARC = YES;
				CLANG_ENABLE_OBJC_WEAK = YES;
				CLANG_WARN_BLOCK_CAPTURE_AUTORELEASING = YES;
				CLANG_WARN_BOOL_CONVERSION = YES;
				CLANG_WARN_COMMA = YES;
				CLANG_WARN_CONSTANT_CONVERSION = YES;
				CLANG_WARN_DEPRECATED_OBJC_IMPLEMENTATIONS = YES;
				CLANG_WARN_DIRECT_OBJC_ISA_USAGE = YES_ERROR;
				CLANG_WARN_DOCUMENTATION_COMMENTS = YES;
				CLANG_WARN_EMPTY_BODY = YES;
				CLANG_WARN_ENUM_CONVERSION = YES;
				CLANG_WARN_INFINITE_RECURSION = YES;
				CLANG_WARN_INT_CONVERSION = YES;
				CLANG_WARN_NON_LITERAL_NULL_CONVERSION = YES;
				CLANG_WARN_OBJC_IMPLICIT_RETAIN_SELF = YES;
				CLANG_WARN_OBJC_LITERAL_CONVERSION = YES;
				CLANG_WARN_OBJC_ROOT_CLASS = YES_ERROR;
				CLANG_WARN_QUOTED_INCLUDE_IN_FRAMEWORK_HEADER = YES;
				CLANG_WARN_RANGE_LOOP_ANALYSIS = YES;
				CLANG_WARN_STRICT_PROTOTYPES = YES;
				CLANG_WARN_SUSPICIOUS_MOVE = YES;
				CLANG_WARN_UNGUARDED_AVAILABILITY = YES_AGGRESSIVE;
				CLANG_WARN_UNREACHABLE_CODE = YES;
				CLANG_WARN__DUPLICATE_METHOD_MATCH = YES;
				COPY_PHASE_STRIP = NO;
				DEBUG_INFORMATION_FORMAT = dwarf;
				ENABLE_STRICT_OBJC_MSGSEND = YES;
				ENABLE_TESTABILITY = YES;
				GCC_C_LANGUAGE_STANDARD = gnu11;
				GCC_DYNAMIC_NO_PIC = NO;
				GCC_NO_COMMON_BLOCKS = YES;
				GCC_OPTIMIZATION_LEVEL = 0;
				GCC_PREPROCESSOR_DEFINITIONS = (
					"DEBUG=1",
					"$(inherited)",
				);
				GCC_WARN_64_TO_32_BIT_CONVERSION = YES;
				GCC_WARN_ABOUT_RETURN_TYPE = YES_ERROR;
				GCC_WARN_UNDECLARED_SELECTOR = YES;
				GCC_WARN_UNINITIALIZED_AUTOS = YES_AGGRESSIVE;
				GCC_WARN_UNUSED_FUNCTION = YES;
				GCC_WARN_UNUSED_VARIABLE = YES;
				IPHONEOS_DEPLOYMENT_TARGET = 16.4;
				MTL_ENABLE_DEBUG_INFO = INCLUDE_SOURCE;
				MTL_FAST_MATH = YES;
				ONLY_ACTIVE_ARCH = YES;
				SDKROOT = iphoneos;
				SWIFT_ACTIVE_COMPILATION_CONDITIONS = DEBUG;
				SWIFT_OPTIMIZATION_LEVEL = "-Onone";
			};
			name = Debug;
		};
		AC85FD1D2A9E44DB0045D784 /* Release */ = {
			isa = XCBuildConfiguration;
			buildSettings = {
				ALWAYS_SEARCH_USER_PATHS = NO;
				CLANG_ANALYZER_NONNULL = YES;
				CLANG_ANALYZER_NUMBER_OBJECT_CONVERSION = YES_AGGRESSIVE;
				CLANG_CXX_LANGUAGE_STANDARD = "gnu++20";
				CLANG_ENABLE_MODULES = YES;
				CLANG_ENABLE_OBJC_ARC = YES;
				CLANG_ENABLE_OBJC_WEAK = YES;
				CLANG_WARN_BLOCK_CAPTURE_AUTORELEASING = YES;
				CLANG_WARN_BOOL_CONVERSION = YES;
				CLANG_WARN_COMMA = YES;
				CLANG_WARN_CONSTANT_CONVERSION = YES;
				CLANG_WARN_DEPRECATED_OBJC_IMPLEMENTATIONS = YES;
				CLANG_WARN_DIRECT_OBJC_ISA_USAGE = YES_ERROR;
				CLANG_WARN_DOCUMENTATION_COMMENTS = YES;
				CLANG_WARN_EMPTY_BODY = YES;
				CLANG_WARN_ENUM_CONVERSION = YES;
				CLANG_WARN_INFINITE_RECURSION = YES;
				CLANG_WARN_INT_CONVERSION = YES;
				CLANG_WARN_NON_LITERAL_NULL_CONVERSION = YES;
				CLANG_WARN_OBJC_IMPLICIT_RETAIN_SELF = YES;
				CLANG_WARN_OBJC_LITERAL_CONVERSION = YES;
				CLANG_WARN_OBJC_ROOT_CLASS = YES_ERROR;
				CLANG_WARN_QUOTED_INCLUDE_IN_FRAMEWORK_HEADER = YES;
				CLANG_WARN_RANGE_LOOP_ANALYSIS = YES;
				CLANG_WARN_STRICT_PROTOTYPES = YES;
				CLANG_WARN_SUSPICIOUS_MOVE = YES;
				CLANG_WARN_UNGUARDED_AVAILABILITY = YES_AGGRESSIVE;
				CLANG_WARN_UNREACHABLE_CODE = YES;
				CLANG_WARN__DUPLICATE_METHOD_MATCH = YES;
				COPY_PHASE_STRIP = NO;
				DEBUG_INFORMATION_FORMAT = "dwarf-with-dsym";
				ENABLE_NS_ASSERTIONS = NO;
				ENABLE_STRICT_OBJC_MSGSEND = YES;
				GCC_C_LANGUAGE_STANDARD = gnu11;
				GCC_NO_COMMON_BLOCKS = YES;
				GCC_WARN_64_TO_32_BIT_CONVERSION = YES;
				GCC_WARN_ABOUT_RETURN_TYPE = YES_ERROR;
				GCC_WARN_UNDECLARED_SELECTOR = YES;
				GCC_WARN_UNINITIALIZED_AUTOS = YES_AGGRESSIVE;
				GCC_WARN_UNUSED_FUNCTION = YES;
				GCC_WARN_UNUSED_VARIABLE = YES;
				IPHONEOS_DEPLOYMENT_TARGET = 16.4;
				MTL_ENABLE_DEBUG_INFO = NO;
				MTL_FAST_MATH = YES;
				SDKROOT = iphoneos;
				SWIFT_COMPILATION_MODE = wholemodule;
				SWIFT_OPTIMIZATION_LEVEL = "-O";
				VALIDATE_PRODUCT = YES;
			};
			name = Release;
		};
		AC85FD1F2A9E44DB0045D784 /* Debug */ = {
			isa = XCBuildConfiguration;
			buildSettings = {
				ASSETCATALOG_COMPILER_APPICON_NAME = AppIcon;
				ASSETCATALOG_COMPILER_GLOBAL_ACCENT_COLOR_NAME = AccentColor;
				CODE_SIGN_STYLE = Automatic;
				CURRENT_PROJECT_VERSION = 1;
				DEVELOPMENT_ASSET_PATHS = "\"StreamDeepAR/Preview Content\"";
				DEVELOPMENT_TEAM = JY49624W8T;
				ENABLE_PREVIEWS = YES;
				GENERATE_INFOPLIST_FILE = YES;
				INFOPLIST_KEY_NSCameraUsageDescription = "We need access to the camera to show your image in the video call.";
				INFOPLIST_KEY_NSMicrophoneUsageDescription = "We need access to the microphone to share your voice with others in the video call.";
				INFOPLIST_KEY_UIApplicationSceneManifest_Generation = YES;
				INFOPLIST_KEY_UIApplicationSupportsIndirectInputEvents = YES;
				INFOPLIST_KEY_UILaunchScreen_Generation = YES;
				INFOPLIST_KEY_UISupportedInterfaceOrientations_iPad = "UIInterfaceOrientationPortrait UIInterfaceOrientationPortraitUpsideDown UIInterfaceOrientationLandscapeLeft UIInterfaceOrientationLandscapeRight";
				INFOPLIST_KEY_UISupportedInterfaceOrientations_iPhone = "UIInterfaceOrientationPortrait UIInterfaceOrientationLandscapeLeft UIInterfaceOrientationLandscapeRight";
				LD_RUNPATH_SEARCH_PATHS = (
					"$(inherited)",
					"@executable_path/Frameworks",
				);
				MARKETING_VERSION = 1.0;
				PRODUCT_BUNDLE_IDENTIFIER = "com.stefanblos.stream-with-deepar";
				PRODUCT_NAME = "$(TARGET_NAME)";
				SWIFT_EMIT_LOC_STRINGS = YES;
				SWIFT_VERSION = 5.0;
				TARGETED_DEVICE_FAMILY = "1,2";
			};
			name = Debug;
		};
		AC85FD202A9E44DB0045D784 /* Release */ = {
			isa = XCBuildConfiguration;
			buildSettings = {
				ASSETCATALOG_COMPILER_APPICON_NAME = AppIcon;
				ASSETCATALOG_COMPILER_GLOBAL_ACCENT_COLOR_NAME = AccentColor;
				CODE_SIGN_STYLE = Automatic;
				CURRENT_PROJECT_VERSION = 1;
				DEVELOPMENT_ASSET_PATHS = "\"StreamDeepAR/Preview Content\"";
				DEVELOPMENT_TEAM = JY49624W8T;
				ENABLE_PREVIEWS = YES;
				GENERATE_INFOPLIST_FILE = YES;
				INFOPLIST_KEY_NSCameraUsageDescription = "We need access to the camera to show your image in the video call.";
				INFOPLIST_KEY_NSMicrophoneUsageDescription = "We need access to the microphone to share your voice with others in the video call.";
				INFOPLIST_KEY_UIApplicationSceneManifest_Generation = YES;
				INFOPLIST_KEY_UIApplicationSupportsIndirectInputEvents = YES;
				INFOPLIST_KEY_UILaunchScreen_Generation = YES;
				INFOPLIST_KEY_UISupportedInterfaceOrientations_iPad = "UIInterfaceOrientationPortrait UIInterfaceOrientationPortraitUpsideDown UIInterfaceOrientationLandscapeLeft UIInterfaceOrientationLandscapeRight";
				INFOPLIST_KEY_UISupportedInterfaceOrientations_iPhone = "UIInterfaceOrientationPortrait UIInterfaceOrientationLandscapeLeft UIInterfaceOrientationLandscapeRight";
				LD_RUNPATH_SEARCH_PATHS = (
					"$(inherited)",
					"@executable_path/Frameworks",
				);
				MARKETING_VERSION = 1.0;
				PRODUCT_BUNDLE_IDENTIFIER = "com.stefanblos.stream-with-deepar";
				PRODUCT_NAME = "$(TARGET_NAME)";
				SWIFT_EMIT_LOC_STRINGS = YES;
				SWIFT_VERSION = 5.0;
				TARGETED_DEVICE_FAMILY = "1,2";
			};
			name = Release;
		};
/* End XCBuildConfiguration section */

/* Begin XCConfigurationList section */
		AC85FD0B2A9E44D90045D784 /* Build configuration list for PBXProject "StreamDeepAR" */ = {
			isa = XCConfigurationList;
			buildConfigurations = (
				AC85FD1C2A9E44DB0045D784 /* Debug */,
				AC85FD1D2A9E44DB0045D784 /* Release */,
			);
			defaultConfigurationIsVisible = 0;
			defaultConfigurationName = Release;
		};
		AC85FD1E2A9E44DB0045D784 /* Build configuration list for PBXNativeTarget "StreamDeepAR" */ = {
			isa = XCConfigurationList;
			buildConfigurations = (
				AC85FD1F2A9E44DB0045D784 /* Debug */,
				AC85FD202A9E44DB0045D784 /* Release */,
			);
			defaultConfigurationIsVisible = 0;
			defaultConfigurationName = Release;
		};
/* End XCConfigurationList section */

/* Begin XCRemoteSwiftPackageReference section */
		AC85FD212A9E46CF0045D784 /* XCRemoteSwiftPackageReference "stream-video-swift" */ = {
			isa = XCRemoteSwiftPackageReference;
			repositoryURL = "https://github.com/GetStream/stream-video-swift";
			requirement = {
				kind = upToNextMajorVersion;
				minimumVersion = 0.3.0;
			};
		};
		ACDFC8D92AB45E1500ED8B98 /* XCRemoteSwiftPackageReference "swift-deepar" */ = {
			isa = XCRemoteSwiftPackageReference;
			repositoryURL = "https://github.com/DeepARSDK/swift-deepar";
			requirement = {
				kind = upToNextMajorVersion;
				minimumVersion = 5.4.1;
			};
		};
/* End XCRemoteSwiftPackageReference section */

/* Begin XCSwiftPackageProductDependency section */
		AC85FD222A9E46CF0045D784 /* StreamVideo */ = {
			isa = XCSwiftPackageProductDependency;
			package = AC85FD212A9E46CF0045D784 /* XCRemoteSwiftPackageReference "stream-video-swift" */;
			productName = StreamVideo;
		};
		AC85FD242A9E46CF0045D784 /* StreamVideoSwiftUI */ = {
			isa = XCSwiftPackageProductDependency;
			package = AC85FD212A9E46CF0045D784 /* XCRemoteSwiftPackageReference "stream-video-swift" */;
			productName = StreamVideoSwiftUI;
		};
		ACDFC8DA2AB45E1500ED8B98 /* DeepAR */ = {
			isa = XCSwiftPackageProductDependency;
			package = ACDFC8D92AB45E1500ED8B98 /* XCRemoteSwiftPackageReference "swift-deepar" */;
			productName = DeepAR;
		};
/* End XCSwiftPackageProductDependency section */
	};
	rootObject = AC85FD082A9E44D90045D784 /* Project object */;
}
